
Microsoft Visual Studio Solution File, Format Version 12.00
# Visual Studio 2015
Project("{FAE04EC0-301F-11D3-BF4B-00C04F79EFBC}") = "PoopRace", "PoopRace.csproj", "{F7820770-06F7-C70D-F4C3-168AE3C8C405}"
EndProject
Global
	GlobalSection(SolutionConfigurationPlatforms) = preSolution
		Debug|Any CPU = Debug|Any CPU
		Release|Any CPU = Release|Any CPU
	EndGlobalSection
	GlobalSection(ProjectConfigurationPlatforms) = postSolution
		{F7820770-06F7-C70D-F4C3-168AE3C8C405}.Debug|Any CPU.ActiveCfg = Debug|Any CPU
		{F7820770-06F7-C70D-F4C3-168AE3C8C405}.Debug|Any CPU.Build.0 = Debug|Any CPU
		{F7820770-06F7-C70D-F4C3-168AE3C8C405}.Release|Any CPU.ActiveCfg = Release|Any CPU
		{F7820770-06F7-C70D-F4C3-168AE3C8C405}.Release|Any CPU.Build.0 = Release|Any CPU
	EndGlobalSection
	GlobalSection(SolutionProperties) = preSolution
		HideSolutionNode = FALSE
	EndGlobalSection
EndGlobal
